// !$*UTF8*$!
{
	archiveVersion = 1;
	classes = {
	};
	objectVersion = 46;
	objects = {

/* Begin PBXBuildFile section */
		545A621F13338652009475A1 /* libz.dylib in Frameworks */ = {isa = PBXBuildFile; fileRef = 545A621E13338652009475A1 /* libz.dylib */; };
		545A622113338661009475A1 /* MobileCoreServices.framework in Frameworks */ = {isa = PBXBuildFile; fileRef = 545A622013338661009475A1 /* MobileCoreServices.framework */; };
		545A62231333867D009475A1 /* CFNetwork.framework in Frameworks */ = {isa = PBXBuildFile; fileRef = 545A62221333867D009475A1 /* CFNetwork.framework */; };
		545A6225133386FA009475A1 /* SystemConfiguration.framework in Frameworks */ = {isa = PBXBuildFile; fileRef = 545A6224133386FA009475A1 /* SystemConfiguration.framework */; };
		545A62281333909F009475A1 /* RemoteBlackoutService.m in Sources */ = {isa = PBXBuildFile; fileRef = 545A62271333909E009475A1 /* RemoteBlackoutService.m */; };
		545A62391333A2D0009475A1 /* CDataScanner.m in Sources */ = {isa = PBXBuildFile; fileRef = 545A622B1333A2D0009475A1 /* CDataScanner.m */; };
		545A623B1333A2D0009475A1 /* CDataScanner_Extensions.m in Sources */ = {isa = PBXBuildFile; fileRef = 545A622E1333A2D0009475A1 /* CDataScanner_Extensions.m */; };
		545A623D1333A2D0009475A1 /* NSDictionary_JSONExtensions.m in Sources */ = {isa = PBXBuildFile; fileRef = 545A62301333A2D0009475A1 /* NSDictionary_JSONExtensions.m */; };
		545A623F1333A2D0009475A1 /* CJSONDeserializer.m in Sources */ = {isa = PBXBuildFile; fileRef = 545A62331333A2D0009475A1 /* CJSONDeserializer.m */; };
		545A62411333A2D0009475A1 /* CJSONScanner.m in Sources */ = {isa = PBXBuildFile; fileRef = 545A62351333A2D0009475A1 /* CJSONScanner.m */; };
		545A62431333A2D0009475A1 /* CJSONSerializer.m in Sources */ = {isa = PBXBuildFile; fileRef = 545A62371333A2D0009475A1 /* CJSONSerializer.m */; };
		545A624D1333A57F009475A1 /* CFNetwork.framework in Frameworks */ = {isa = PBXBuildFile; fileRef = 545A624C1333A57F009475A1 /* CFNetwork.framework */; };
		545A62501333A596009475A1 /* MobileCoreServices.framework in Frameworks */ = {isa = PBXBuildFile; fileRef = 545A624F1333A596009475A1 /* MobileCoreServices.framework */; };
		545A62521333A5A3009475A1 /* SystemConfiguration.framework in Frameworks */ = {isa = PBXBuildFile; fileRef = 545A62511333A5A2009475A1 /* SystemConfiguration.framework */; };
		545A62541333A5CC009475A1 /* libz.dylib in Frameworks */ = {isa = PBXBuildFile; fileRef = 545A62531333A5CB009475A1 /* libz.dylib */; };
		545A626B1333AE97009475A1 /* BlackoutTests.m in Sources */ = {isa = PBXBuildFile; fileRef = 54E513EE1330858C00A4E8DA /* BlackoutTests.m */; };
		545A626C1333AE97009475A1 /* RemoteBlackoutTests.m in Sources */ = {isa = PBXBuildFile; fileRef = 545A62461333A4A3009475A1 /* RemoteBlackoutTests.m */; };
		545A626D1333AEA7009475A1 /* CDataScanner.m in Sources */ = {isa = PBXBuildFile; fileRef = 545A622B1333A2D0009475A1 /* CDataScanner.m */; };
		545A626E1333AEA7009475A1 /* CDataScanner_Extensions.m in Sources */ = {isa = PBXBuildFile; fileRef = 545A622E1333A2D0009475A1 /* CDataScanner_Extensions.m */; };
		545A626F1333AEA7009475A1 /* NSDictionary_JSONExtensions.m in Sources */ = {isa = PBXBuildFile; fileRef = 545A62301333A2D0009475A1 /* NSDictionary_JSONExtensions.m */; };
		545A62701333AEA7009475A1 /* CJSONDeserializer.m in Sources */ = {isa = PBXBuildFile; fileRef = 545A62331333A2D0009475A1 /* CJSONDeserializer.m */; };
		545A62711333AEA7009475A1 /* CJSONScanner.m in Sources */ = {isa = PBXBuildFile; fileRef = 545A62351333A2D0009475A1 /* CJSONScanner.m */; };
		545A62721333AEA7009475A1 /* CJSONSerializer.m in Sources */ = {isa = PBXBuildFile; fileRef = 545A62371333A2D0009475A1 /* CJSONSerializer.m */; };
		545A627D1333AF3F009475A1 /* BlackoutUtils.m in Sources */ = {isa = PBXBuildFile; fileRef = 54E5140A1330A7BC00A4E8DA /* BlackoutUtils.m */; };
		545A627E1333AF3F009475A1 /* DummyBlackoutService.m in Sources */ = {isa = PBXBuildFile; fileRef = 54E5140D1330B63F00A4E8DA /* DummyBlackoutService.m */; };
		545A627F1333AF3F009475A1 /* RemoteBlackoutService.m in Sources */ = {isa = PBXBuildFile; fileRef = 545A62271333909E009475A1 /* RemoteBlackoutService.m */; };
		545A62801333AF3F009475A1 /* BlackoutPeriod.m in Sources */ = {isa = PBXBuildFile; fileRef = 54E513FC133086E200A4E8DA /* BlackoutPeriod.m */; };
		545A62951333B096009475A1 /* ASIAuthenticationDialog.m in Sources */ = {isa = PBXBuildFile; fileRef = 545A62861333B096009475A1 /* ASIAuthenticationDialog.m */; };
		545A62961333B096009475A1 /* ASIAuthenticationDialog.m in Sources */ = {isa = PBXBuildFile; fileRef = 545A62861333B096009475A1 /* ASIAuthenticationDialog.m */; };
		545A62971333B096009475A1 /* ASIInputStream.m in Sources */ = {isa = PBXBuildFile; fileRef = 545A62881333B096009475A1 /* ASIInputStream.m */; };
		545A62981333B096009475A1 /* ASIInputStream.m in Sources */ = {isa = PBXBuildFile; fileRef = 545A62881333B096009475A1 /* ASIInputStream.m */; };
		545A62991333B096009475A1 /* ASIFormDataRequest.m in Sources */ = {isa = PBXBuildFile; fileRef = 545A628A1333B096009475A1 /* ASIFormDataRequest.m */; };
		545A629A1333B096009475A1 /* ASIFormDataRequest.m in Sources */ = {isa = PBXBuildFile; fileRef = 545A628A1333B096009475A1 /* ASIFormDataRequest.m */; };
		545A629B1333B096009475A1 /* ASIHTTPRequest.m in Sources */ = {isa = PBXBuildFile; fileRef = 545A628C1333B096009475A1 /* ASIHTTPRequest.m */; };
		545A629C1333B096009475A1 /* ASIHTTPRequest.m in Sources */ = {isa = PBXBuildFile; fileRef = 545A628C1333B096009475A1 /* ASIHTTPRequest.m */; };
		545A629D1333B096009475A1 /* ASINetworkQueue.m in Sources */ = {isa = PBXBuildFile; fileRef = 545A628E1333B096009475A1 /* ASINetworkQueue.m */; };
		545A629E1333B096009475A1 /* ASINetworkQueue.m in Sources */ = {isa = PBXBuildFile; fileRef = 545A628E1333B096009475A1 /* ASINetworkQueue.m */; };
		545A629F1333B096009475A1 /* ASIDownloadCache.m in Sources */ = {isa = PBXBuildFile; fileRef = 545A62901333B096009475A1 /* ASIDownloadCache.m */; };
		545A62A01333B096009475A1 /* ASIDownloadCache.m in Sources */ = {isa = PBXBuildFile; fileRef = 545A62901333B096009475A1 /* ASIDownloadCache.m */; };
		545A62A11333B096009475A1 /* ASIDataDecompressor.m in Sources */ = {isa = PBXBuildFile; fileRef = 545A62921333B096009475A1 /* ASIDataDecompressor.m */; };
		545A62A21333B096009475A1 /* ASIDataDecompressor.m in Sources */ = {isa = PBXBuildFile; fileRef = 545A62921333B096009475A1 /* ASIDataDecompressor.m */; };
		545A62A31333B096009475A1 /* ASIDataCompressor.m in Sources */ = {isa = PBXBuildFile; fileRef = 545A62941333B096009475A1 /* ASIDataCompressor.m */; };
		545A62A41333B097009475A1 /* ASIDataCompressor.m in Sources */ = {isa = PBXBuildFile; fileRef = 545A62941333B096009475A1 /* ASIDataCompressor.m */; };
		545A62A71333B0A6009475A1 /* Reachability.m in Sources */ = {isa = PBXBuildFile; fileRef = 545A62A61333B0A6009475A1 /* Reachability.m */; };
		545A62A81333B0A6009475A1 /* Reachability.m in Sources */ = {isa = PBXBuildFile; fileRef = 545A62A61333B0A6009475A1 /* Reachability.m */; };
		547C41D81337AFA900240591 /* Default.png in Resources */ = {isa = PBXBuildFile; fileRef = 547C41D61337AFA200240591 /* Default.png */; };
		547C41D91337AFA900240591 /* Default@2x.png in Resources */ = {isa = PBXBuildFile; fileRef = 547C41D71337AFA500240591 /* Default@2x.png */; };
		5494400713343BF600EB0EFE /* XPathQuery.m in Sources */ = {isa = PBXBuildFile; fileRef = 5494400613343BF600EB0EFE /* XPathQuery.m */; };
		5494400813343BF600EB0EFE /* XPathQuery.m in Sources */ = {isa = PBXBuildFile; fileRef = 5494400613343BF600EB0EFE /* XPathQuery.m */; };
		5494400A13343C0D00EB0EFE /* libxml2.2.dylib in Frameworks */ = {isa = PBXBuildFile; fileRef = 5494400913343C0D00EB0EFE /* libxml2.2.dylib */; };
		5494400C13343C2300EB0EFE /* libxml2.2.dylib in Frameworks */ = {isa = PBXBuildFile; fileRef = 5494400B13343C2200EB0EFE /* libxml2.2.dylib */; };
		54A2A7691333641200490370 /* ProgressView.m in Sources */ = {isa = PBXBuildFile; fileRef = 54A2A7681333641200490370 /* ProgressView.m */; };
		54D32EBD133707FC00760A8F /* BlackoutGroup.m in Sources */ = {isa = PBXBuildFile; fileRef = 54D32EBC133707FC00760A8F /* BlackoutGroup.m */; };
		54D32EBF13372A8300760A8F /* BlackoutGroup.m in Sources */ = {isa = PBXBuildFile; fileRef = 54D32EBC133707FC00760A8F /* BlackoutGroup.m */; };
		54E513C01330858B00A4E8DA /* UIKit.framework in Frameworks */ = {isa = PBXBuildFile; fileRef = 54E513BF1330858B00A4E8DA /* UIKit.framework */; };
		54E513C21330858B00A4E8DA /* Foundation.framework in Frameworks */ = {isa = PBXBuildFile; fileRef = 54E513C11330858B00A4E8DA /* Foundation.framework */; };
		54E513C41330858B00A4E8DA /* CoreGraphics.framework in Frameworks */ = {isa = PBXBuildFile; fileRef = 54E513C31330858B00A4E8DA /* CoreGraphics.framework */; };
		54E513CA1330858B00A4E8DA /* InfoPlist.strings in Resources */ = {isa = PBXBuildFile; fileRef = 54E513C81330858B00A4E8DA /* InfoPlist.strings */; };
		54E513CD1330858B00A4E8DA /* main.m in Sources */ = {isa = PBXBuildFile; fileRef = 54E513CC1330858B00A4E8DA /* main.m */; };
		54E513D01330858B00A4E8DA /* BlackoutAppDelegate.m in Sources */ = {isa = PBXBuildFile; fileRef = 54E513CF1330858B00A4E8DA /* BlackoutAppDelegate.m */; };
		54E513D31330858B00A4E8DA /* MainWindow.xib in Resources */ = {isa = PBXBuildFile; fileRef = 54E513D11330858B00A4E8DA /* MainWindow.xib */; };
		54E513D61330858B00A4E8DA /* BlackoutViewController.m in Sources */ = {isa = PBXBuildFile; fileRef = 54E513D51330858B00A4E8DA /* BlackoutViewController.m */; };
		54E513D91330858C00A4E8DA /* BlackoutViewController.xib in Resources */ = {isa = PBXBuildFile; fileRef = 54E513D71330858C00A4E8DA /* BlackoutViewController.xib */; };
		54E513E01330858C00A4E8DA /* UIKit.framework in Frameworks */ = {isa = PBXBuildFile; fileRef = 54E513BF1330858B00A4E8DA /* UIKit.framework */; };
		54E513E11330858C00A4E8DA /* Foundation.framework in Frameworks */ = {isa = PBXBuildFile; fileRef = 54E513C11330858B00A4E8DA /* Foundation.framework */; };
		54E513E21330858C00A4E8DA /* CoreGraphics.framework in Frameworks */ = {isa = PBXBuildFile; fileRef = 54E513C31330858B00A4E8DA /* CoreGraphics.framework */; };
		54E513EA1330858C00A4E8DA /* InfoPlist.strings in Resources */ = {isa = PBXBuildFile; fileRef = 54E513E81330858C00A4E8DA /* InfoPlist.strings */; };
		54E513ED1330858C00A4E8DA /* BlackoutTests.h in Resources */ = {isa = PBXBuildFile; fileRef = 54E513EC1330858C00A4E8DA /* BlackoutTests.h */; };
		54E513FD133086E200A4E8DA /* BlackoutPeriod.m in Sources */ = {isa = PBXBuildFile; fileRef = 54E513FC133086E200A4E8DA /* BlackoutPeriod.m */; };
		54E514011330884800A4E8DA /* CoreLocation.framework in Frameworks */ = {isa = PBXBuildFile; fileRef = 54E514001330884800A4E8DA /* CoreLocation.framework */; };
		54E51405133091A000A4E8DA /* LocationService.m in Sources */ = {isa = PBXBuildFile; fileRef = 54E51404133091A000A4E8DA /* LocationService.m */; };
		54E514071330932700A4E8DA /* MapKit.framework in Frameworks */ = {isa = PBXBuildFile; fileRef = 54E514061330932600A4E8DA /* MapKit.framework */; };
		54E5140B1330A7BD00A4E8DA /* BlackoutUtils.m in Sources */ = {isa = PBXBuildFile; fileRef = 54E5140A1330A7BC00A4E8DA /* BlackoutUtils.m */; };
		54E5140E1330B64400A4E8DA /* DummyBlackoutService.m in Sources */ = {isa = PBXBuildFile; fileRef = 54E5140D1330B63F00A4E8DA /* DummyBlackoutService.m */; };
		54E514111330C2AF00A4E8DA /* LocationTableViewController.m in Sources */ = {isa = PBXBuildFile; fileRef = 54E514101330C2A200A4E8DA /* LocationTableViewController.m */; };
		54E514151330C3FD00A4E8DA /* PrefectureTableViewController.m in Sources */ = {isa = PBXBuildFile; fileRef = 54E514141330C3FD00A4E8DA /* PrefectureTableViewController.m */; };
		54E514181330C4A400A4E8DA /* CityTableViewController.m in Sources */ = {isa = PBXBuildFile; fileRef = 54E514171330C4A300A4E8DA /* CityTableViewController.m */; };
		54E5141B1330C5A600A4E8DA /* StreetTableViewController.m in Sources */ = {isa = PBXBuildFile; fileRef = 54E5141A1330C5A200A4E8DA /* StreetTableViewController.m */; };
		A04BA3691333354300D124BC /* RemarksViewController.m in Sources */ = {isa = PBXBuildFile; fileRef = A04BA3671333353D00D124BC /* RemarksViewController.m */; };
		A04BA36A1333354300D124BC /* RemarksViewController.xib in Resources */ = {isa = PBXBuildFile; fileRef = A04BA3681333353F00D124BC /* RemarksViewController.xib */; };
		A0A63DB11337933200A0021F /* icon.png in Resources */ = {isa = PBXBuildFile; fileRef = A0A63DAF1337933200A0021F /* icon.png */; };
		A0A63DB21337933200A0021F /* icon@2x.png in Resources */ = {isa = PBXBuildFile; fileRef = A0A63DB01337933200A0021F /* icon@2x.png */; };
		A0BCAA851337326B00BD92CD /* reminder.html in Resources */ = {isa = PBXBuildFile; fileRef = A0BCAA841337326B00BD92CD /* reminder.html */; };
		A0E642D61332301F00E36CFF /* RemaingTimeTitleView.m in Sources */ = {isa = PBXBuildFile; fileRef = A0E642D51332301F00E36CFF /* RemaingTimeTitleView.m */; };
/* End PBXBuildFile section */

/* Begin PBXContainerItemProxy section */
		54E513E31330858C00A4E8DA /* PBXContainerItemProxy */ = {
			isa = PBXContainerItemProxy;
			containerPortal = 54E513B21330858B00A4E8DA /* Project object */;
			proxyType = 1;
			remoteGlobalIDString = 54E513BA1330858B00A4E8DA;
			remoteInfo = Blackout;
		};
/* End PBXContainerItemProxy section */

/* Begin PBXFileReference section */
		545A621E13338652009475A1 /* libz.dylib */ = {isa = PBXFileReference; lastKnownFileType = "compiled.mach-o.dylib"; name = libz.dylib; path = usr/lib/libz.dylib; sourceTree = SDKROOT; };
		545A622013338661009475A1 /* MobileCoreServices.framework */ = {isa = PBXFileReference; lastKnownFileType = wrapper.framework; name = MobileCoreServices.framework; path = System/Library/Frameworks/MobileCoreServices.framework; sourceTree = SDKROOT; };
		545A62221333867D009475A1 /* CFNetwork.framework */ = {isa = PBXFileReference; lastKnownFileType = wrapper.framework; name = CFNetwork.framework; path = System/Library/Frameworks/CFNetwork.framework; sourceTree = SDKROOT; };
		545A6224133386FA009475A1 /* SystemConfiguration.framework */ = {isa = PBXFileReference; lastKnownFileType = wrapper.framework; name = SystemConfiguration.framework; path = System/Library/Frameworks/SystemConfiguration.framework; sourceTree = SDKROOT; };
		545A62261333909E009475A1 /* RemoteBlackoutService.h */ = {isa = PBXFileReference; fileEncoding = 4; lastKnownFileType = sourcecode.c.h; path = RemoteBlackoutService.h; sourceTree = "<group>"; };
		545A62271333909E009475A1 /* RemoteBlackoutService.m */ = {isa = PBXFileReference; fileEncoding = 4; lastKnownFileType = sourcecode.c.objc; path = RemoteBlackoutService.m; sourceTree = "<group>"; };
		545A622A1333A2D0009475A1 /* CDataScanner.h */ = {isa = PBXFileReference; fileEncoding = 4; lastKnownFileType = sourcecode.c.h; name = CDataScanner.h; path = External/TouchJSON/Source/CDataScanner.h; sourceTree = "<group>"; };
		545A622B1333A2D0009475A1 /* CDataScanner.m */ = {isa = PBXFileReference; fileEncoding = 4; lastKnownFileType = sourcecode.c.objc; name = CDataScanner.m; path = External/TouchJSON/Source/CDataScanner.m; sourceTree = "<group>"; };
		545A622D1333A2D0009475A1 /* CDataScanner_Extensions.h */ = {isa = PBXFileReference; fileEncoding = 4; lastKnownFileType = sourcecode.c.h; path = CDataScanner_Extensions.h; sourceTree = "<group>"; };
		545A622E1333A2D0009475A1 /* CDataScanner_Extensions.m */ = {isa = PBXFileReference; fileEncoding = 4; lastKnownFileType = sourcecode.c.objc; path = CDataScanner_Extensions.m; sourceTree = "<group>"; };
		545A622F1333A2D0009475A1 /* NSDictionary_JSONExtensions.h */ = {isa = PBXFileReference; fileEncoding = 4; lastKnownFileType = sourcecode.c.h; path = NSDictionary_JSONExtensions.h; sourceTree = "<group>"; };
		545A62301333A2D0009475A1 /* NSDictionary_JSONExtensions.m */ = {isa = PBXFileReference; fileEncoding = 4; lastKnownFileType = sourcecode.c.objc; path = NSDictionary_JSONExtensions.m; sourceTree = "<group>"; };
		545A62321333A2D0009475A1 /* CJSONDeserializer.h */ = {isa = PBXFileReference; fileEncoding = 4; lastKnownFileType = sourcecode.c.h; path = CJSONDeserializer.h; sourceTree = "<group>"; };
		545A62331333A2D0009475A1 /* CJSONDeserializer.m */ = {isa = PBXFileReference; fileEncoding = 4; lastKnownFileType = sourcecode.c.objc; path = CJSONDeserializer.m; sourceTree = "<group>"; };
		545A62341333A2D0009475A1 /* CJSONScanner.h */ = {isa = PBXFileReference; fileEncoding = 4; lastKnownFileType = sourcecode.c.h; path = CJSONScanner.h; sourceTree = "<group>"; };
		545A62351333A2D0009475A1 /* CJSONScanner.m */ = {isa = PBXFileReference; fileEncoding = 4; lastKnownFileType = sourcecode.c.objc; path = CJSONScanner.m; sourceTree = "<group>"; };
		545A62361333A2D0009475A1 /* CJSONSerializer.h */ = {isa = PBXFileReference; fileEncoding = 4; lastKnownFileType = sourcecode.c.h; path = CJSONSerializer.h; sourceTree = "<group>"; };
		545A62371333A2D0009475A1 /* CJSONSerializer.m */ = {isa = PBXFileReference; fileEncoding = 4; lastKnownFileType = sourcecode.c.objc; path = CJSONSerializer.m; sourceTree = "<group>"; };
		545A62381333A2D0009475A1 /* JSONRepresentation.h */ = {isa = PBXFileReference; fileEncoding = 4; lastKnownFileType = sourcecode.c.h; path = JSONRepresentation.h; sourceTree = "<group>"; };
		545A62451333A4A3009475A1 /* RemoteBlackoutTests.h */ = {isa = PBXFileReference; fileEncoding = 4; lastKnownFileType = sourcecode.c.h; path = RemoteBlackoutTests.h; sourceTree = "<group>"; };
		545A62461333A4A3009475A1 /* RemoteBlackoutTests.m */ = {isa = PBXFileReference; fileEncoding = 4; lastKnownFileType = sourcecode.c.objc; path = RemoteBlackoutTests.m; sourceTree = "<group>"; };
		545A624C1333A57F009475A1 /* CFNetwork.framework */ = {isa = PBXFileReference; lastKnownFileType = wrapper.framework; name = CFNetwork.framework; path = System/Library/Frameworks/CFNetwork.framework; sourceTree = SDKROOT; };
		545A624F1333A596009475A1 /* MobileCoreServices.framework */ = {isa = PBXFileReference; lastKnownFileType = wrapper.framework; name = MobileCoreServices.framework; path = System/Library/Frameworks/MobileCoreServices.framework; sourceTree = SDKROOT; };
		545A62511333A5A2009475A1 /* SystemConfiguration.framework */ = {isa = PBXFileReference; lastKnownFileType = wrapper.framework; name = SystemConfiguration.framework; path = System/Library/Frameworks/SystemConfiguration.framework; sourceTree = SDKROOT; };
		545A62531333A5CB009475A1 /* libz.dylib */ = {isa = PBXFileReference; lastKnownFileType = "compiled.mach-o.dylib"; name = libz.dylib; path = usr/lib/libz.dylib; sourceTree = SDKROOT; };
		545A62811333B096009475A1 /* ASIHTTPRequestConfig.h */ = {isa = PBXFileReference; fileEncoding = 4; lastKnownFileType = sourcecode.c.h; name = ASIHTTPRequestConfig.h; path = External/ASIHttpRequest/Classes/ASIHTTPRequestConfig.h; sourceTree = "<group>"; };
		545A62821333B096009475A1 /* ASICacheDelegate.h */ = {isa = PBXFileReference; fileEncoding = 4; lastKnownFileType = sourcecode.c.h; name = ASICacheDelegate.h; path = External/ASIHttpRequest/Classes/ASICacheDelegate.h; sourceTree = "<group>"; };
		545A62831333B096009475A1 /* ASIHTTPRequestDelegate.h */ = {isa = PBXFileReference; fileEncoding = 4; lastKnownFileType = sourcecode.c.h; name = ASIHTTPRequestDelegate.h; path = External/ASIHttpRequest/Classes/ASIHTTPRequestDelegate.h; sourceTree = "<group>"; };
		545A62841333B096009475A1 /* ASIProgressDelegate.h */ = {isa = PBXFileReference; fileEncoding = 4; lastKnownFileType = sourcecode.c.h; name = ASIProgressDelegate.h; path = External/ASIHttpRequest/Classes/ASIProgressDelegate.h; sourceTree = "<group>"; };
		545A62851333B096009475A1 /* ASIAuthenticationDialog.h */ = {isa = PBXFileReference; fileEncoding = 4; lastKnownFileType = sourcecode.c.h; name = ASIAuthenticationDialog.h; path = External/ASIHttpRequest/Classes/ASIAuthenticationDialog.h; sourceTree = "<group>"; };
		545A62861333B096009475A1 /* ASIAuthenticationDialog.m */ = {isa = PBXFileReference; fileEncoding = 4; lastKnownFileType = sourcecode.c.objc; name = ASIAuthenticationDialog.m; path = External/ASIHttpRequest/Classes/ASIAuthenticationDialog.m; sourceTree = "<group>"; };
		545A62871333B096009475A1 /* ASIInputStream.h */ = {isa = PBXFileReference; fileEncoding = 4; lastKnownFileType = sourcecode.c.h; name = ASIInputStream.h; path = External/ASIHttpRequest/Classes/ASIInputStream.h; sourceTree = "<group>"; };
		545A62881333B096009475A1 /* ASIInputStream.m */ = {isa = PBXFileReference; fileEncoding = 4; lastKnownFileType = sourcecode.c.objc; name = ASIInputStream.m; path = External/ASIHttpRequest/Classes/ASIInputStream.m; sourceTree = "<group>"; };
		545A62891333B096009475A1 /* ASIFormDataRequest.h */ = {isa = PBXFileReference; fileEncoding = 4; lastKnownFileType = sourcecode.c.h; name = ASIFormDataRequest.h; path = External/ASIHttpRequest/Classes/ASIFormDataRequest.h; sourceTree = "<group>"; };
		545A628A1333B096009475A1 /* ASIFormDataRequest.m */ = {isa = PBXFileReference; fileEncoding = 4; lastKnownFileType = sourcecode.c.objc; name = ASIFormDataRequest.m; path = External/ASIHttpRequest/Classes/ASIFormDataRequest.m; sourceTree = "<group>"; };
		545A628B1333B096009475A1 /* ASIHTTPRequest.h */ = {isa = PBXFileReference; fileEncoding = 4; lastKnownFileType = sourcecode.c.h; name = ASIHTTPRequest.h; path = External/ASIHttpRequest/Classes/ASIHTTPRequest.h; sourceTree = "<group>"; };
		545A628C1333B096009475A1 /* ASIHTTPRequest.m */ = {isa = PBXFileReference; fileEncoding = 4; lastKnownFileType = sourcecode.c.objc; name = ASIHTTPRequest.m; path = External/ASIHttpRequest/Classes/ASIHTTPRequest.m; sourceTree = "<group>"; };
		545A628D1333B096009475A1 /* ASINetworkQueue.h */ = {isa = PBXFileReference; fileEncoding = 4; lastKnownFileType = sourcecode.c.h; name = ASINetworkQueue.h; path = External/ASIHttpRequest/Classes/ASINetworkQueue.h; sourceTree = "<group>"; };
		545A628E1333B096009475A1 /* ASINetworkQueue.m */ = {isa = PBXFileReference; fileEncoding = 4; lastKnownFileType = sourcecode.c.objc; name = ASINetworkQueue.m; path = External/ASIHttpRequest/Classes/ASINetworkQueue.m; sourceTree = "<group>"; };
		545A628F1333B096009475A1 /* ASIDownloadCache.h */ = {isa = PBXFileReference; fileEncoding = 4; lastKnownFileType = sourcecode.c.h; name = ASIDownloadCache.h; path = External/ASIHttpRequest/Classes/ASIDownloadCache.h; sourceTree = "<group>"; };
		545A62901333B096009475A1 /* ASIDownloadCache.m */ = {isa = PBXFileReference; fileEncoding = 4; lastKnownFileType = sourcecode.c.objc; name = ASIDownloadCache.m; path = External/ASIHttpRequest/Classes/ASIDownloadCache.m; sourceTree = "<group>"; };
		545A62911333B096009475A1 /* ASIDataDecompressor.h */ = {isa = PBXFileReference; fileEncoding = 4; lastKnownFileType = sourcecode.c.h; name = ASIDataDecompressor.h; path = External/ASIHttpRequest/Classes/ASIDataDecompressor.h; sourceTree = "<group>"; };
		545A62921333B096009475A1 /* ASIDataDecompressor.m */ = {isa = PBXFileReference; fileEncoding = 4; lastKnownFileType = sourcecode.c.objc; name = ASIDataDecompressor.m; path = External/ASIHttpRequest/Classes/ASIDataDecompressor.m; sourceTree = "<group>"; };
		545A62931333B096009475A1 /* ASIDataCompressor.h */ = {isa = PBXFileReference; fileEncoding = 4; lastKnownFileType = sourcecode.c.h; name = ASIDataCompressor.h; path = External/ASIHttpRequest/Classes/ASIDataCompressor.h; sourceTree = "<group>"; };
		545A62941333B096009475A1 /* ASIDataCompressor.m */ = {isa = PBXFileReference; fileEncoding = 4; lastKnownFileType = sourcecode.c.objc; name = ASIDataCompressor.m; path = External/ASIHttpRequest/Classes/ASIDataCompressor.m; sourceTree = "<group>"; };
		545A62A51333B0A6009475A1 /* Reachability.h */ = {isa = PBXFileReference; fileEncoding = 4; lastKnownFileType = sourcecode.c.h; name = Reachability.h; path = External/ASIHttpRequest/External/Reachability/Reachability.h; sourceTree = "<group>"; };
		545A62A61333B0A6009475A1 /* Reachability.m */ = {isa = PBXFileReference; fileEncoding = 4; lastKnownFileType = sourcecode.c.objc; name = Reachability.m; path = External/ASIHttpRequest/External/Reachability/Reachability.m; sourceTree = "<group>"; };
		547C41D61337AFA200240591 /* Default.png */ = {isa = PBXFileReference; lastKnownFileType = image.png; path = Default.png; sourceTree = "<group>"; };
		547C41D71337AFA500240591 /* Default@2x.png */ = {isa = PBXFileReference; lastKnownFileType = image.png; path = "Default@2x.png"; sourceTree = "<group>"; };
		5494400513343BF600EB0EFE /* XPathQuery.h */ = {isa = PBXFileReference; fileEncoding = 4; lastKnownFileType = sourcecode.c.h; name = XPathQuery.h; path = External/XPath/XPathQuery.h; sourceTree = "<group>"; };
		5494400613343BF600EB0EFE /* XPathQuery.m */ = {isa = PBXFileReference; fileEncoding = 4; lastKnownFileType = sourcecode.c.objc; name = XPathQuery.m; path = External/XPath/XPathQuery.m; sourceTree = "<group>"; };
		5494400913343C0D00EB0EFE /* libxml2.2.dylib */ = {isa = PBXFileReference; lastKnownFileType = "compiled.mach-o.dylib"; name = libxml2.2.dylib; path = usr/lib/libxml2.2.dylib; sourceTree = SDKROOT; };
		5494400B13343C2200EB0EFE /* libxml2.2.dylib */ = {isa = PBXFileReference; lastKnownFileType = "compiled.mach-o.dylib"; name = libxml2.2.dylib; path = usr/lib/libxml2.2.dylib; sourceTree = SDKROOT; };
		54A2A7671333641200490370 /* ProgressView.h */ = {isa = PBXFileReference; fileEncoding = 4; lastKnownFileType = sourcecode.c.h; path = ProgressView.h; sourceTree = "<group>"; };
		54A2A7681333641200490370 /* ProgressView.m */ = {isa = PBXFileReference; fileEncoding = 4; lastKnownFileType = sourcecode.c.objc; path = ProgressView.m; sourceTree = "<group>"; };
		54D32EBB133707FC00760A8F /* BlackoutGroup.h */ = {isa = PBXFileReference; fileEncoding = 4; lastKnownFileType = sourcecode.c.h; path = BlackoutGroup.h; sourceTree = "<group>"; };
		54D32EBC133707FC00760A8F /* BlackoutGroup.m */ = {isa = PBXFileReference; fileEncoding = 4; lastKnownFileType = sourcecode.c.objc; path = BlackoutGroup.m; sourceTree = "<group>"; };
		54E513BB1330858B00A4E8DA /* Blackout.app */ = {isa = PBXFileReference; explicitFileType = wrapper.application; includeInIndex = 0; path = Blackout.app; sourceTree = BUILT_PRODUCTS_DIR; };
		54E513BF1330858B00A4E8DA /* UIKit.framework */ = {isa = PBXFileReference; lastKnownFileType = wrapper.framework; name = UIKit.framework; path = System/Library/Frameworks/UIKit.framework; sourceTree = SDKROOT; };
		54E513C11330858B00A4E8DA /* Foundation.framework */ = {isa = PBXFileReference; lastKnownFileType = wrapper.framework; name = Foundation.framework; path = System/Library/Frameworks/Foundation.framework; sourceTree = SDKROOT; };
		54E513C31330858B00A4E8DA /* CoreGraphics.framework */ = {isa = PBXFileReference; lastKnownFileType = wrapper.framework; name = CoreGraphics.framework; path = System/Library/Frameworks/CoreGraphics.framework; sourceTree = SDKROOT; };
		54E513C71330858B00A4E8DA /* Blackout-Info.plist */ = {isa = PBXFileReference; lastKnownFileType = text.plist.xml; path = "Blackout-Info.plist"; sourceTree = "<group>"; };
		54E513C91330858B00A4E8DA /* en */ = {isa = PBXFileReference; lastKnownFileType = text.plist.strings; name = en; path = en.lproj/InfoPlist.strings; sourceTree = "<group>"; };
		54E513CB1330858B00A4E8DA /* Blackout-Prefix.pch */ = {isa = PBXFileReference; lastKnownFileType = sourcecode.c.h; path = "Blackout-Prefix.pch"; sourceTree = "<group>"; };
		54E513CC1330858B00A4E8DA /* main.m */ = {isa = PBXFileReference; lastKnownFileType = sourcecode.c.objc; path = main.m; sourceTree = "<group>"; };
		54E513CE1330858B00A4E8DA /* BlackoutAppDelegate.h */ = {isa = PBXFileReference; lastKnownFileType = sourcecode.c.h; path = BlackoutAppDelegate.h; sourceTree = "<group>"; };
		54E513CF1330858B00A4E8DA /* BlackoutAppDelegate.m */ = {isa = PBXFileReference; fileEncoding = 4; lastKnownFileType = sourcecode.c.objc; path = BlackoutAppDelegate.m; sourceTree = "<group>"; };
		54E513D21330858B00A4E8DA /* en */ = {isa = PBXFileReference; lastKnownFileType = file.xib; name = en; path = en.lproj/MainWindow.xib; sourceTree = "<group>"; };
		54E513D41330858B00A4E8DA /* BlackoutViewController.h */ = {isa = PBXFileReference; lastKnownFileType = sourcecode.c.h; path = BlackoutViewController.h; sourceTree = "<group>"; };
		54E513D51330858B00A4E8DA /* BlackoutViewController.m */ = {isa = PBXFileReference; fileEncoding = 4; lastKnownFileType = sourcecode.c.objc; path = BlackoutViewController.m; sourceTree = "<group>"; };
		54E513D81330858C00A4E8DA /* en */ = {isa = PBXFileReference; lastKnownFileType = file.xib; name = en; path = en.lproj/BlackoutViewController.xib; sourceTree = "<group>"; };
		54E513DF1330858C00A4E8DA /* BlackoutTests.octest */ = {isa = PBXFileReference; explicitFileType = wrapper.cfbundle; includeInIndex = 0; path = BlackoutTests.octest; sourceTree = BUILT_PRODUCTS_DIR; };
		54E513E71330858C00A4E8DA /* BlackoutTests-Info.plist */ = {isa = PBXFileReference; lastKnownFileType = text.plist.xml; path = "BlackoutTests-Info.plist"; sourceTree = "<group>"; };
		54E513E91330858C00A4E8DA /* en */ = {isa = PBXFileReference; lastKnownFileType = text.plist.strings; name = en; path = en.lproj/InfoPlist.strings; sourceTree = "<group>"; };
		54E513EB1330858C00A4E8DA /* BlackoutTests-Prefix.pch */ = {isa = PBXFileReference; lastKnownFileType = sourcecode.c.h; path = "BlackoutTests-Prefix.pch"; sourceTree = "<group>"; };
		54E513EC1330858C00A4E8DA /* BlackoutTests.h */ = {isa = PBXFileReference; lastKnownFileType = sourcecode.c.h; path = BlackoutTests.h; sourceTree = "<group>"; };
		54E513EE1330858C00A4E8DA /* BlackoutTests.m */ = {isa = PBXFileReference; lastKnownFileType = sourcecode.c.objc; path = BlackoutTests.m; sourceTree = "<group>"; };
		54E513FA1330861E00A4E8DA /* BlackoutService.h */ = {isa = PBXFileReference; fileEncoding = 4; lastKnownFileType = sourcecode.c.h; path = BlackoutService.h; sourceTree = "<group>"; };
		54E513FB133086E200A4E8DA /* BlackoutPeriod.h */ = {isa = PBXFileReference; fileEncoding = 4; lastKnownFileType = sourcecode.c.h; path = BlackoutPeriod.h; sourceTree = "<group>"; };
		54E513FC133086E200A4E8DA /* BlackoutPeriod.m */ = {isa = PBXFileReference; fileEncoding = 4; lastKnownFileType = sourcecode.c.objc; path = BlackoutPeriod.m; sourceTree = "<group>"; };
		54E514001330884800A4E8DA /* CoreLocation.framework */ = {isa = PBXFileReference; lastKnownFileType = wrapper.framework; name = CoreLocation.framework; path = System/Library/Frameworks/CoreLocation.framework; sourceTree = SDKROOT; };
		54E51403133091A000A4E8DA /* LocationService.h */ = {isa = PBXFileReference; fileEncoding = 4; lastKnownFileType = sourcecode.c.h; path = LocationService.h; sourceTree = "<group>"; };
		54E51404133091A000A4E8DA /* LocationService.m */ = {isa = PBXFileReference; fileEncoding = 4; lastKnownFileType = sourcecode.c.objc; path = LocationService.m; sourceTree = "<group>"; };
		54E514061330932600A4E8DA /* MapKit.framework */ = {isa = PBXFileReference; lastKnownFileType = wrapper.framework; name = MapKit.framework; path = System/Library/Frameworks/MapKit.framework; sourceTree = SDKROOT; };
		54E514081330A50700A4E8DA /* Constants.h */ = {isa = PBXFileReference; fileEncoding = 4; lastKnownFileType = sourcecode.c.h; path = Constants.h; sourceTree = "<group>"; };
		54E514091330A7BC00A4E8DA /* BlackoutUtils.h */ = {isa = PBXFileReference; fileEncoding = 4; lastKnownFileType = sourcecode.c.h; path = BlackoutUtils.h; sourceTree = "<group>"; };
		54E5140A1330A7BC00A4E8DA /* BlackoutUtils.m */ = {isa = PBXFileReference; fileEncoding = 4; lastKnownFileType = sourcecode.c.objc; path = BlackoutUtils.m; sourceTree = "<group>"; };
		54E5140C1330B63E00A4E8DA /* DummyBlackoutService.h */ = {isa = PBXFileReference; fileEncoding = 4; lastKnownFileType = sourcecode.c.h; path = DummyBlackoutService.h; sourceTree = "<group>"; };
		54E5140D1330B63F00A4E8DA /* DummyBlackoutService.m */ = {isa = PBXFileReference; fileEncoding = 4; lastKnownFileType = sourcecode.c.objc; path = DummyBlackoutService.m; sourceTree = "<group>"; };
		54E5140F1330C29D00A4E8DA /* LocationTableViewController.h */ = {isa = PBXFileReference; fileEncoding = 4; lastKnownFileType = sourcecode.c.h; path = LocationTableViewController.h; sourceTree = "<group>"; };
		54E514101330C2A200A4E8DA /* LocationTableViewController.m */ = {isa = PBXFileReference; fileEncoding = 4; lastKnownFileType = sourcecode.c.objc; path = LocationTableViewController.m; sourceTree = "<group>"; };
		54E514131330C3FD00A4E8DA /* PrefectureTableViewController.h */ = {isa = PBXFileReference; fileEncoding = 4; lastKnownFileType = sourcecode.c.h; path = PrefectureTableViewController.h; sourceTree = "<group>"; };
		54E514141330C3FD00A4E8DA /* PrefectureTableViewController.m */ = {isa = PBXFileReference; fileEncoding = 4; lastKnownFileType = sourcecode.c.objc; path = PrefectureTableViewController.m; sourceTree = "<group>"; };
		54E514161330C4A200A4E8DA /* CityTableViewController.h */ = {isa = PBXFileReference; fileEncoding = 4; lastKnownFileType = sourcecode.c.h; path = CityTableViewController.h; sourceTree = "<group>"; };
		54E514171330C4A300A4E8DA /* CityTableViewController.m */ = {isa = PBXFileReference; fileEncoding = 4; lastKnownFileType = sourcecode.c.objc; path = CityTableViewController.m; sourceTree = "<group>"; };
		54E514191330C5A100A4E8DA /* StreetTableViewController.h */ = {isa = PBXFileReference; fileEncoding = 4; lastKnownFileType = sourcecode.c.h; path = StreetTableViewController.h; sourceTree = "<group>"; };
		54E5141A1330C5A200A4E8DA /* StreetTableViewController.m */ = {isa = PBXFileReference; fileEncoding = 4; lastKnownFileType = sourcecode.c.objc; path = StreetTableViewController.m; sourceTree = "<group>"; };
		A04BA3661333353C00D124BC /* RemarksViewController.h */ = {isa = PBXFileReference; fileEncoding = 4; lastKnownFileType = sourcecode.c.h; path = RemarksViewController.h; sourceTree = "<group>"; };
		A04BA3671333353D00D124BC /* RemarksViewController.m */ = {isa = PBXFileReference; fileEncoding = 4; lastKnownFileType = sourcecode.c.objc; path = RemarksViewController.m; sourceTree = "<group>"; };
		A04BA3681333353F00D124BC /* RemarksViewController.xib */ = {isa = PBXFileReference; fileEncoding = 4; lastKnownFileType = file.xib; path = RemarksViewController.xib; sourceTree = "<group>"; };
		A0A63DAF1337933200A0021F /* icon.png */ = {isa = PBXFileReference; lastKnownFileType = image.png; path = icon.png; sourceTree = "<group>"; };
		A0A63DB01337933200A0021F /* icon@2x.png */ = {isa = PBXFileReference; lastKnownFileType = image.png; path = "icon@2x.png"; sourceTree = "<group>"; };
		A0BCAA841337326B00BD92CD /* reminder.html */ = {isa = PBXFileReference; fileEncoding = 4; lastKnownFileType = text.html; path = reminder.html; sourceTree = "<group>"; };
		A0E642D41332301F00E36CFF /* RemaingTimeTitleView.h */ = {isa = PBXFileReference; fileEncoding = 4; lastKnownFileType = sourcecode.c.h; path = RemaingTimeTitleView.h; sourceTree = "<group>"; };
		A0E642D51332301F00E36CFF /* RemaingTimeTitleView.m */ = {isa = PBXFileReference; fileEncoding = 4; lastKnownFileType = sourcecode.c.objc; path = RemaingTimeTitleView.m; sourceTree = "<group>"; };
/* End PBXFileReference section */

/* Begin PBXFrameworksBuildPhase section */
		54E513B81330858B00A4E8DA /* Frameworks */ = {
			isa = PBXFrameworksBuildPhase;
			buildActionMask = 2147483647;
			files = (
				5494400A13343C0D00EB0EFE /* libxml2.2.dylib in Frameworks */,
				545A6225133386FA009475A1 /* SystemConfiguration.framework in Frameworks */,
				545A62231333867D009475A1 /* CFNetwork.framework in Frameworks */,
				545A622113338661009475A1 /* MobileCoreServices.framework in Frameworks */,
				545A621F13338652009475A1 /* libz.dylib in Frameworks */,
				54E514071330932700A4E8DA /* MapKit.framework in Frameworks */,
				54E514011330884800A4E8DA /* CoreLocation.framework in Frameworks */,
				54E513C01330858B00A4E8DA /* UIKit.framework in Frameworks */,
				54E513C21330858B00A4E8DA /* Foundation.framework in Frameworks */,
				54E513C41330858B00A4E8DA /* CoreGraphics.framework in Frameworks */,
			);
			runOnlyForDeploymentPostprocessing = 0;
		};
		54E513DB1330858C00A4E8DA /* Frameworks */ = {
			isa = PBXFrameworksBuildPhase;
			buildActionMask = 2147483647;
			files = (
				5494400C13343C2300EB0EFE /* libxml2.2.dylib in Frameworks */,
				545A62541333A5CC009475A1 /* libz.dylib in Frameworks */,
				545A62521333A5A3009475A1 /* SystemConfiguration.framework in Frameworks */,
				545A62501333A596009475A1 /* MobileCoreServices.framework in Frameworks */,
				545A624D1333A57F009475A1 /* CFNetwork.framework in Frameworks */,
				54E513E01330858C00A4E8DA /* UIKit.framework in Frameworks */,
				54E513E11330858C00A4E8DA /* Foundation.framework in Frameworks */,
				54E513E21330858C00A4E8DA /* CoreGraphics.framework in Frameworks */,
			);
			runOnlyForDeploymentPostprocessing = 0;
		};
/* End PBXFrameworksBuildPhase section */

/* Begin PBXGroup section */
		545A61D813338572009475A1 /* External */ = {
			isa = PBXGroup;
			children = (
				5494400313343BD500EB0EFE /* XPath */,
				545A62291333A2C4009475A1 /* TouchJSON */,
				545A61D91333861A009475A1 /* ASIHttpRequest */,
			);
			name = External;
			sourceTree = "<group>";
		};
		545A61D91333861A009475A1 /* ASIHttpRequest */ = {
			isa = PBXGroup;
			children = (
				545A62811333B096009475A1 /* ASIHTTPRequestConfig.h */,
				545A62821333B096009475A1 /* ASICacheDelegate.h */,
				545A62831333B096009475A1 /* ASIHTTPRequestDelegate.h */,
				545A62841333B096009475A1 /* ASIProgressDelegate.h */,
				545A62851333B096009475A1 /* ASIAuthenticationDialog.h */,
				545A62861333B096009475A1 /* ASIAuthenticationDialog.m */,
				545A62871333B096009475A1 /* ASIInputStream.h */,
				545A62881333B096009475A1 /* ASIInputStream.m */,
				545A62891333B096009475A1 /* ASIFormDataRequest.h */,
				545A628A1333B096009475A1 /* ASIFormDataRequest.m */,
				545A628B1333B096009475A1 /* ASIHTTPRequest.h */,
				545A628C1333B096009475A1 /* ASIHTTPRequest.m */,
				545A628D1333B096009475A1 /* ASINetworkQueue.h */,
				545A628E1333B096009475A1 /* ASINetworkQueue.m */,
				545A628F1333B096009475A1 /* ASIDownloadCache.h */,
				545A62901333B096009475A1 /* ASIDownloadCache.m */,
				545A62911333B096009475A1 /* ASIDataDecompressor.h */,
				545A62921333B096009475A1 /* ASIDataDecompressor.m */,
				545A62931333B096009475A1 /* ASIDataCompressor.h */,
				545A62941333B096009475A1 /* ASIDataCompressor.m */,
				545A62A51333B0A6009475A1 /* Reachability.h */,
				545A62A61333B0A6009475A1 /* Reachability.m */,
			);
			name = ASIHttpRequest;
			sourceTree = "<group>";
		};
		545A62291333A2C4009475A1 /* TouchJSON */ = {
			isa = PBXGroup;
			children = (
				545A622A1333A2D0009475A1 /* CDataScanner.h */,
				545A622B1333A2D0009475A1 /* CDataScanner.m */,
				545A622C1333A2D0009475A1 /* Extensions */,
				545A62311333A2D0009475A1 /* JSON */,
			);
			name = TouchJSON;
			sourceTree = "<group>";
		};
		545A622C1333A2D0009475A1 /* Extensions */ = {
			isa = PBXGroup;
			children = (
				545A622D1333A2D0009475A1 /* CDataScanner_Extensions.h */,
				545A622E1333A2D0009475A1 /* CDataScanner_Extensions.m */,
				545A622F1333A2D0009475A1 /* NSDictionary_JSONExtensions.h */,
				545A62301333A2D0009475A1 /* NSDictionary_JSONExtensions.m */,
			);
			name = Extensions;
			path = External/TouchJSON/Source/Extensions;
			sourceTree = "<group>";
		};
		545A62311333A2D0009475A1 /* JSON */ = {
			isa = PBXGroup;
			children = (
				545A62321333A2D0009475A1 /* CJSONDeserializer.h */,
				545A62331333A2D0009475A1 /* CJSONDeserializer.m */,
				545A62341333A2D0009475A1 /* CJSONScanner.h */,
				545A62351333A2D0009475A1 /* CJSONScanner.m */,
				545A62361333A2D0009475A1 /* CJSONSerializer.h */,
				545A62371333A2D0009475A1 /* CJSONSerializer.m */,
				545A62381333A2D0009475A1 /* JSONRepresentation.h */,
			);
			name = JSON;
			path = External/TouchJSON/Source/JSON;
			sourceTree = "<group>";
		};
		545A624E1333A583009475A1 /* Frameworks */ = {
			isa = PBXGroup;
			children = (
				5494400B13343C2200EB0EFE /* libxml2.2.dylib */,
				545A62531333A5CB009475A1 /* libz.dylib */,
				545A62511333A5A2009475A1 /* SystemConfiguration.framework */,
				545A624F1333A596009475A1 /* MobileCoreServices.framework */,
				545A624C1333A57F009475A1 /* CFNetwork.framework */,
			);
			name = Frameworks;
			sourceTree = "<group>";
		};
		5494400313343BD500EB0EFE /* XPath */ = {
			isa = PBXGroup;
			children = (
				5494400513343BF600EB0EFE /* XPathQuery.h */,
				5494400613343BF600EB0EFE /* XPathQuery.m */,
			);
			name = XPath;
			sourceTree = "<group>";
		};
		54E513B01330858B00A4E8DA = {
			isa = PBXGroup;
			children = (
				54E513C51330858B00A4E8DA /* Blackout */,
				54E513E51330858C00A4E8DA /* BlackoutTests */,
				54E513BE1330858B00A4E8DA /* Frameworks */,
				54E513BC1330858B00A4E8DA /* Products */,
			);
			sourceTree = "<group>";
		};
		54E513BC1330858B00A4E8DA /* Products */ = {
			isa = PBXGroup;
			children = (
				54E513BB1330858B00A4E8DA /* Blackout.app */,
				54E513DF1330858C00A4E8DA /* BlackoutTests.octest */,
			);
			name = Products;
			sourceTree = "<group>";
		};
		54E513BE1330858B00A4E8DA /* Frameworks */ = {
			isa = PBXGroup;
			children = (
				5494400913343C0D00EB0EFE /* libxml2.2.dylib */,
				545A621E13338652009475A1 /* libz.dylib */,
				545A62221333867D009475A1 /* CFNetwork.framework */,
				545A622013338661009475A1 /* MobileCoreServices.framework */,
				54E514061330932600A4E8DA /* MapKit.framework */,
				54E514001330884800A4E8DA /* CoreLocation.framework */,
				54E513BF1330858B00A4E8DA /* UIKit.framework */,
				54E513C11330858B00A4E8DA /* Foundation.framework */,
				545A6224133386FA009475A1 /* SystemConfiguration.framework */,
				54E513C31330858B00A4E8DA /* CoreGraphics.framework */,
			);
			name = Frameworks;
			sourceTree = "<group>";
		};
		54E513C51330858B00A4E8DA /* Blackout */ = {
			isa = PBXGroup;
			children = (
				545A61D813338572009475A1 /* External */,
				54E513F9133085D500A4E8DA /* View */,
				54E513F8133085C700A4E8DA /* Model */,
				54E514121330C3CE00A4E8DA /* Controllers */,
				54E513CE1330858B00A4E8DA /* BlackoutAppDelegate.h */,
				54E513CF1330858B00A4E8DA /* BlackoutAppDelegate.m */,
				54E513D11330858B00A4E8DA /* MainWindow.xib */,
				54E513D41330858B00A4E8DA /* BlackoutViewController.h */,
				54E513D51330858B00A4E8DA /* BlackoutViewController.m */,
				54E513D71330858C00A4E8DA /* BlackoutViewController.xib */,
				54E514081330A50700A4E8DA /* Constants.h */,
				54E513C61330858B00A4E8DA /* Supporting Files */,
			);
			path = Blackout;
			sourceTree = "<group>";
		};
		54E513C61330858B00A4E8DA /* Supporting Files */ = {
			isa = PBXGroup;
			children = (
				54E513C71330858B00A4E8DA /* Blackout-Info.plist */,
				54E513C81330858B00A4E8DA /* InfoPlist.strings */,
				A0BCAA841337326B00BD92CD /* reminder.html */,
				547C41D61337AFA200240591 /* Default.png */,
				547C41D71337AFA500240591 /* Default@2x.png */,
				A0A63DAF1337933200A0021F /* icon.png */,
				A0A63DB01337933200A0021F /* icon@2x.png */,
				54E513CB1330858B00A4E8DA /* Blackout-Prefix.pch */,
				54E513CC1330858B00A4E8DA /* main.m */,
			);
			name = "Supporting Files";
			sourceTree = "<group>";
		};
		54E513E51330858C00A4E8DA /* BlackoutTests */ = {
			isa = PBXGroup;
			children = (
				545A624E1333A583009475A1 /* Frameworks */,
				54E513EC1330858C00A4E8DA /* BlackoutTests.h */,
				54E513EE1330858C00A4E8DA /* BlackoutTests.m */,
				545A62451333A4A3009475A1 /* RemoteBlackoutTests.h */,
				545A62461333A4A3009475A1 /* RemoteBlackoutTests.m */,
				54E513E61330858C00A4E8DA /* Supporting Files */,
			);
			path = BlackoutTests;
			sourceTree = "<group>";
		};
		54E513E61330858C00A4E8DA /* Supporting Files */ = {
			isa = PBXGroup;
			children = (
				54E513E71330858C00A4E8DA /* BlackoutTests-Info.plist */,
				54E513E81330858C00A4E8DA /* InfoPlist.strings */,
				54E513EB1330858C00A4E8DA /* BlackoutTests-Prefix.pch */,
			);
			name = "Supporting Files";
			sourceTree = "<group>";
		};
		54E513F8133085C700A4E8DA /* Model */ = {
			isa = PBXGroup;
			children = (
				54E513FE1330881600A4E8DA /* Services */,
				54E513FB133086E200A4E8DA /* BlackoutPeriod.h */,
				54E513FC133086E200A4E8DA /* BlackoutPeriod.m */,
				54D32EBB133707FC00760A8F /* BlackoutGroup.h */,
				54D32EBC133707FC00760A8F /* BlackoutGroup.m */,
			);
			name = Model;
			sourceTree = "<group>";
		};
		54E513F9133085D500A4E8DA /* View */ = {
			isa = PBXGroup;
			children = (
				A0E642D41332301F00E36CFF /* RemaingTimeTitleView.h */,
				A0E642D51332301F00E36CFF /* RemaingTimeTitleView.m */,
				54A2A7671333641200490370 /* ProgressView.h */,
				54A2A7681333641200490370 /* ProgressView.m */,
			);
			name = View;
			sourceTree = "<group>";
		};
		54E513FE1330881600A4E8DA /* Services */ = {
			isa = PBXGroup;
			children = (
				54E513FA1330861E00A4E8DA /* BlackoutService.h */,
				54E51403133091A000A4E8DA /* LocationService.h */,
				54E51404133091A000A4E8DA /* LocationService.m */,
				54E514091330A7BC00A4E8DA /* BlackoutUtils.h */,
				54E5140A1330A7BC00A4E8DA /* BlackoutUtils.m */,
				54E5140C1330B63E00A4E8DA /* DummyBlackoutService.h */,
				54E5140D1330B63F00A4E8DA /* DummyBlackoutService.m */,
				545A62261333909E009475A1 /* RemoteBlackoutService.h */,
				545A62271333909E009475A1 /* RemoteBlackoutService.m */,
			);
			name = Services;
			sourceTree = "<group>";
		};
		54E514121330C3CE00A4E8DA /* Controllers */ = {
			isa = PBXGroup;
			children = (
				54E5140F1330C29D00A4E8DA /* LocationTableViewController.h */,
				54E514101330C2A200A4E8DA /* LocationTableViewController.m */,
				54E514131330C3FD00A4E8DA /* PrefectureTableViewController.h */,
				54E514141330C3FD00A4E8DA /* PrefectureTableViewController.m */,
				54E514161330C4A200A4E8DA /* CityTableViewController.h */,
				54E514171330C4A300A4E8DA /* CityTableViewController.m */,
				54E514191330C5A100A4E8DA /* StreetTableViewController.h */,
				54E5141A1330C5A200A4E8DA /* StreetTableViewController.m */,
				A04BA3661333353C00D124BC /* RemarksViewController.h */,
				A04BA3671333353D00D124BC /* RemarksViewController.m */,
				A04BA3681333353F00D124BC /* RemarksViewController.xib */,
			);
			name = Controllers;
			sourceTree = "<group>";
		};
/* End PBXGroup section */

/* Begin PBXNativeTarget section */
		54E513BA1330858B00A4E8DA /* Blackout */ = {
			isa = PBXNativeTarget;
			buildConfigurationList = 54E513F21330858C00A4E8DA /* Build configuration list for PBXNativeTarget "Blackout" */;
			buildPhases = (
				54E513B71330858B00A4E8DA /* Sources */,
				54E513B81330858B00A4E8DA /* Frameworks */,
				54E513B91330858B00A4E8DA /* Resources */,
			);
			buildRules = (
			);
			dependencies = (
			);
			name = Blackout;
			productName = Blackout;
			productReference = 54E513BB1330858B00A4E8DA /* Blackout.app */;
			productType = "com.apple.product-type.application";
		};
		54E513DE1330858C00A4E8DA /* BlackoutTests */ = {
			isa = PBXNativeTarget;
			buildConfigurationList = 54E513F51330858C00A4E8DA /* Build configuration list for PBXNativeTarget "BlackoutTests" */;
			buildPhases = (
				54E513DA1330858C00A4E8DA /* Sources */,
				54E513DB1330858C00A4E8DA /* Frameworks */,
				54E513DC1330858C00A4E8DA /* Resources */,
				54E513DD1330858C00A4E8DA /* ShellScript */,
			);
			buildRules = (
			);
			dependencies = (
				54E513E41330858C00A4E8DA /* PBXTargetDependency */,
			);
			name = BlackoutTests;
			productName = BlackoutTests;
			productReference = 54E513DF1330858C00A4E8DA /* BlackoutTests.octest */;
			productType = "com.apple.product-type.bundle";
		};
/* End PBXNativeTarget section */

/* Begin PBXProject section */
		54E513B21330858B00A4E8DA /* Project object */ = {
			isa = PBXProject;
			attributes = {
				ORGANIZATIONNAME = "Ignition Soft Limited";
			};
			buildConfigurationList = 54E513B51330858B00A4E8DA /* Build configuration list for PBXProject "Blackout" */;
			compatibilityVersion = "Xcode 3.2";
			developmentRegion = English;
			hasScannedForEncodings = 0;
			knownRegions = (
				en,
			);
			mainGroup = 54E513B01330858B00A4E8DA;
			productRefGroup = 54E513BC1330858B00A4E8DA /* Products */;
			projectDirPath = "";
			projectRoot = "";
			targets = (
				54E513BA1330858B00A4E8DA /* Blackout */,
				54E513DE1330858C00A4E8DA /* BlackoutTests */,
			);
		};
/* End PBXProject section */

/* Begin PBXResourcesBuildPhase section */
		54E513B91330858B00A4E8DA /* Resources */ = {
			isa = PBXResourcesBuildPhase;
			buildActionMask = 2147483647;
			files = (
				54E513CA1330858B00A4E8DA /* InfoPlist.strings in Resources */,
				54E513D31330858B00A4E8DA /* MainWindow.xib in Resources */,
				54E513D91330858C00A4E8DA /* BlackoutViewController.xib in Resources */,
				A04BA36A1333354300D124BC /* RemarksViewController.xib in Resources */,
				A0BCAA851337326B00BD92CD /* reminder.html in Resources */,
				A0A63DB11337933200A0021F /* icon.png in Resources */,
				A0A63DB21337933200A0021F /* icon@2x.png in Resources */,
				547C41D81337AFA900240591 /* Default.png in Resources */,
				547C41D91337AFA900240591 /* Default@2x.png in Resources */,
			);
			runOnlyForDeploymentPostprocessing = 0;
		};
		54E513DC1330858C00A4E8DA /* Resources */ = {
			isa = PBXResourcesBuildPhase;
			buildActionMask = 2147483647;
			files = (
				54E513EA1330858C00A4E8DA /* InfoPlist.strings in Resources */,
				54E513ED1330858C00A4E8DA /* BlackoutTests.h in Resources */,
			);
			runOnlyForDeploymentPostprocessing = 0;
		};
/* End PBXResourcesBuildPhase section */

/* Begin PBXShellScriptBuildPhase section */
		54E513DD1330858C00A4E8DA /* ShellScript */ = {
			isa = PBXShellScriptBuildPhase;
			buildActionMask = 2147483647;
			files = (
			);
			inputPaths = (
			);
			outputPaths = (
			);
			runOnlyForDeploymentPostprocessing = 0;
			shellPath = /bin/sh;
			shellScript = "# Run the unit tests in this test bundle.\n\"${SYSTEM_DEVELOPER_DIR}/Tools/RunUnitTests\"\n";
		};
/* End PBXShellScriptBuildPhase section */

/* Begin PBXSourcesBuildPhase section */
		54E513B71330858B00A4E8DA /* Sources */ = {
			isa = PBXSourcesBuildPhase;
			buildActionMask = 2147483647;
			files = (
				54E513CD1330858B00A4E8DA /* main.m in Sources */,
				54E513D01330858B00A4E8DA /* BlackoutAppDelegate.m in Sources */,
				54E513D61330858B00A4E8DA /* BlackoutViewController.m in Sources */,
				54E513FD133086E200A4E8DA /* BlackoutPeriod.m in Sources */,
				54E51405133091A000A4E8DA /* LocationService.m in Sources */,
				54E5140B1330A7BD00A4E8DA /* BlackoutUtils.m in Sources */,
				54E5140E1330B64400A4E8DA /* DummyBlackoutService.m in Sources */,
				54E514111330C2AF00A4E8DA /* LocationTableViewController.m in Sources */,
				54E514151330C3FD00A4E8DA /* PrefectureTableViewController.m in Sources */,
				54E514181330C4A400A4E8DA /* CityTableViewController.m in Sources */,
				54E5141B1330C5A600A4E8DA /* StreetTableViewController.m in Sources */,
				A0E642D61332301F00E36CFF /* RemaingTimeTitleView.m in Sources */,
				A04BA3691333354300D124BC /* RemarksViewController.m in Sources */,
				54A2A7691333641200490370 /* ProgressView.m in Sources */,
				545A62281333909F009475A1 /* RemoteBlackoutService.m in Sources */,
				545A62391333A2D0009475A1 /* CDataScanner.m in Sources */,
				545A623B1333A2D0009475A1 /* CDataScanner_Extensions.m in Sources */,
				545A623D1333A2D0009475A1 /* NSDictionary_JSONExtensions.m in Sources */,
				545A623F1333A2D0009475A1 /* CJSONDeserializer.m in Sources */,
				545A62411333A2D0009475A1 /* CJSONScanner.m in Sources */,
				545A62431333A2D0009475A1 /* CJSONSerializer.m in Sources */,
				545A62951333B096009475A1 /* ASIAuthenticationDialog.m in Sources */,
				545A62971333B096009475A1 /* ASIInputStream.m in Sources */,
				545A62991333B096009475A1 /* ASIFormDataRequest.m in Sources */,
				545A629B1333B096009475A1 /* ASIHTTPRequest.m in Sources */,
				545A629D1333B096009475A1 /* ASINetworkQueue.m in Sources */,
				545A629F1333B096009475A1 /* ASIDownloadCache.m in Sources */,
				545A62A11333B096009475A1 /* ASIDataDecompressor.m in Sources */,
				545A62A31333B096009475A1 /* ASIDataCompressor.m in Sources */,
				545A62A71333B0A6009475A1 /* Reachability.m in Sources */,
				5494400713343BF600EB0EFE /* XPathQuery.m in Sources */,
				54D32EBD133707FC00760A8F /* BlackoutGroup.m in Sources */,
			);
			runOnlyForDeploymentPostprocessing = 0;
		};
		54E513DA1330858C00A4E8DA /* Sources */ = {
			isa = PBXSourcesBuildPhase;
			buildActionMask = 2147483647;
			files = (
				54D32EBF13372A8300760A8F /* BlackoutGroup.m in Sources */,
				545A627D1333AF3F009475A1 /* BlackoutUtils.m in Sources */,
				545A627E1333AF3F009475A1 /* DummyBlackoutService.m in Sources */,
				545A627F1333AF3F009475A1 /* RemoteBlackoutService.m in Sources */,
				545A62801333AF3F009475A1 /* BlackoutPeriod.m in Sources */,
				545A626D1333AEA7009475A1 /* CDataScanner.m in Sources */,
				545A626E1333AEA7009475A1 /* CDataScanner_Extensions.m in Sources */,
				545A626F1333AEA7009475A1 /* NSDictionary_JSONExtensions.m in Sources */,
				545A62701333AEA7009475A1 /* CJSONDeserializer.m in Sources */,
				545A62711333AEA7009475A1 /* CJSONScanner.m in Sources */,
				545A62721333AEA7009475A1 /* CJSONSerializer.m in Sources */,
				545A626B1333AE97009475A1 /* BlackoutTests.m in Sources */,
				545A626C1333AE97009475A1 /* RemoteBlackoutTests.m in Sources */,
				545A62961333B096009475A1 /* ASIAuthenticationDialog.m in Sources */,
				545A62981333B096009475A1 /* ASIInputStream.m in Sources */,
				545A629A1333B096009475A1 /* ASIFormDataRequest.m in Sources */,
				545A629C1333B096009475A1 /* ASIHTTPRequest.m in Sources */,
				545A629E1333B096009475A1 /* ASINetworkQueue.m in Sources */,
				545A62A01333B096009475A1 /* ASIDownloadCache.m in Sources */,
				545A62A21333B096009475A1 /* ASIDataDecompressor.m in Sources */,
				545A62A41333B097009475A1 /* ASIDataCompressor.m in Sources */,
				545A62A81333B0A6009475A1 /* Reachability.m in Sources */,
				5494400813343BF600EB0EFE /* XPathQuery.m in Sources */,
			);
			runOnlyForDeploymentPostprocessing = 0;
		};
/* End PBXSourcesBuildPhase section */

/* Begin PBXTargetDependency section */
		54E513E41330858C00A4E8DA /* PBXTargetDependency */ = {
			isa = PBXTargetDependency;
			target = 54E513BA1330858B00A4E8DA /* Blackout */;
			targetProxy = 54E513E31330858C00A4E8DA /* PBXContainerItemProxy */;
		};
/* End PBXTargetDependency section */

/* Begin PBXVariantGroup section */
		54E513C81330858B00A4E8DA /* InfoPlist.strings */ = {
			isa = PBXVariantGroup;
			children = (
				54E513C91330858B00A4E8DA /* en */,
			);
			name = InfoPlist.strings;
			sourceTree = "<group>";
		};
		54E513D11330858B00A4E8DA /* MainWindow.xib */ = {
			isa = PBXVariantGroup;
			children = (
				54E513D21330858B00A4E8DA /* en */,
			);
			name = MainWindow.xib;
			sourceTree = "<group>";
		};
		54E513D71330858C00A4E8DA /* BlackoutViewController.xib */ = {
			isa = PBXVariantGroup;
			children = (
				54E513D81330858C00A4E8DA /* en */,
			);
			name = BlackoutViewController.xib;
			sourceTree = "<group>";
		};
		54E513E81330858C00A4E8DA /* InfoPlist.strings */ = {
			isa = PBXVariantGroup;
			children = (
				54E513E91330858C00A4E8DA /* en */,
			);
			name = InfoPlist.strings;
			sourceTree = "<group>";
		};
/* End PBXVariantGroup section */

/* Begin XCBuildConfiguration section */
		54E513F01330858C00A4E8DA /* Debug */ = {
			isa = XCBuildConfiguration;
			buildSettings = {
				ARCHS = "$(ARCHS_STANDARD_32_BIT)";
				"CODE_SIGN_IDENTITY[sdk=iphoneos*]" = "iPhone Developer";
				GCC_C_LANGUAGE_STANDARD = gnu99;
				GCC_OPTIMIZATION_LEVEL = 0;
				GCC_PREPROCESSOR_DEFINITIONS = DEBUG;
				GCC_VERSION = com.apple.compilers.llvmgcc42;
				GCC_WARN_ABOUT_RETURN_TYPE = YES;
				GCC_WARN_UNUSED_VARIABLE = YES;
				IPHONEOS_DEPLOYMENT_TARGET = 4.2;
				SDKROOT = iphoneos;
			};
			name = Debug;
		};
		54E513F11330858C00A4E8DA /* Release */ = {
			isa = XCBuildConfiguration;
			buildSettings = {
				ARCHS = "$(ARCHS_STANDARD_32_BIT)";
				"CODE_SIGN_IDENTITY[sdk=iphoneos*]" = "iPhone Developer";
				GCC_C_LANGUAGE_STANDARD = gnu99;
				GCC_VERSION = com.apple.compilers.llvmgcc42;
				GCC_WARN_ABOUT_RETURN_TYPE = YES;
				GCC_WARN_UNUSED_VARIABLE = YES;
				IPHONEOS_DEPLOYMENT_TARGET = 4.2;
				OTHER_CFLAGS = "-DNS_BLOCK_ASSERTIONS=1";
				SDKROOT = iphoneos;
			};
			name = Release;
		};
		54E513F31330858C00A4E8DA /* Debug */ = {
			isa = XCBuildConfiguration;
			buildSettings = {
				ALWAYS_SEARCH_USER_PATHS = NO;
				COPY_PHASE_STRIP = NO;
				GCC_DYNAMIC_NO_PIC = NO;
				GCC_PRECOMPILE_PREFIX_HEADER = YES;
				GCC_PREFIX_HEADER = "Blackout/Blackout-Prefix.pch";
				HEADER_SEARCH_PATHS = "$(SDKROOT)/usr/include/libxml2";
				INFOPLIST_FILE = "Blackout/Blackout-Info.plist";
				INSTALL_PATH = "$(LOCAL_APPS_DIR)";
				PRODUCT_NAME = "$(TARGET_NAME)";
				WRAPPER_EXTENSION = app;
			};
			name = Debug;
		};
		54E513F41330858C00A4E8DA /* Release */ = {
			isa = XCBuildConfiguration;
			buildSettings = {
				ALWAYS_SEARCH_USER_PATHS = NO;
				COPY_PHASE_STRIP = YES;
				GCC_PRECOMPILE_PREFIX_HEADER = YES;
				GCC_PREFIX_HEADER = "Blackout/Blackout-Prefix.pch";
				HEADER_SEARCH_PATHS = "$(SDKROOT)/usr/include/libxml2";
				INFOPLIST_FILE = "Blackout/Blackout-Info.plist";
				INSTALL_PATH = "$(LOCAL_APPS_DIR)";
				PRODUCT_NAME = "$(TARGET_NAME)";
				VALIDATE_PRODUCT = YES;
				WRAPPER_EXTENSION = app;
			};
			name = Release;
		};
		54E513F61330858C00A4E8DA /* Debug */ = {
			isa = XCBuildConfiguration;
			buildSettings = {
				ALWAYS_SEARCH_USER_PATHS = NO;
				BUNDLE_LOADER = "$(BUILT_PRODUCTS_DIR)/Blackout.app/Blackout";
				FRAMEWORK_SEARCH_PATHS = (
					"$(SDKROOT)/Developer/Library/Frameworks",
					"$(DEVELOPER_LIBRARY_DIR)/Frameworks",
				);
				GCC_PRECOMPILE_PREFIX_HEADER = YES;
				GCC_PREFIX_HEADER = "BlackoutTests/BlackoutTests-Prefix.pch";
				HEADER_SEARCH_PATHS = "$(SDKROOT)/usr/include/libxml2";
				INFOPLIST_FILE = "BlackoutTests/BlackoutTests-Info.plist";
				OTHER_LDFLAGS = (
					"-framework",
					SenTestingKit,
				);
				PRODUCT_NAME = "$(TARGET_NAME)";
				TEST_HOST = "$(BUNDLE_LOADER)";
				WRAPPER_EXTENSION = octest;
			};
			name = Debug;
		};
		54E513F71330858C00A4E8DA /* Release */ = {
			isa = XCBuildConfiguration;
			buildSettings = {
				ALWAYS_SEARCH_USER_PATHS = NO;
				BUNDLE_LOADER = "$(BUILT_PRODUCTS_DIR)/Blackout.app/Blackout";
				FRAMEWORK_SEARCH_PATHS = (
					"$(SDKROOT)/Developer/Library/Frameworks",
					"$(DEVELOPER_LIBRARY_DIR)/Frameworks",
				);
				GCC_PRECOMPILE_PREFIX_HEADER = YES;
				GCC_PREFIX_HEADER = "BlackoutTests/BlackoutTests-Prefix.pch";
				HEADER_SEARCH_PATHS = "$(SDKROOT)/usr/include/libxml2";
				INFOPLIST_FILE = "BlackoutTests/BlackoutTests-Info.plist";
				OTHER_LDFLAGS = (
					"-framework",
					SenTestingKit,
				);
				PRODUCT_NAME = "$(TARGET_NAME)";
				TEST_HOST = "$(BUNDLE_LOADER)";
				WRAPPER_EXTENSION = octest;
			};
			name = Release;
		};
/* End XCBuildConfiguration section */

/* Begin XCConfigurationList section */
		54E513B51330858B00A4E8DA /* Build configuration list for PBXProject "Blackout" */ = {
			isa = XCConfigurationList;
			buildConfigurations = (
				54E513F01330858C00A4E8DA /* Debug */,
				54E513F11330858C00A4E8DA /* Release */,
			);
			defaultConfigurationIsVisible = 0;
			defaultConfigurationName = Release;
		};
		54E513F21330858C00A4E8DA /* Build configuration list for PBXNativeTarget "Blackout" */ = {
			isa = XCConfigurationList;
			buildConfigurations = (
				54E513F31330858C00A4E8DA /* Debug */,
				54E513F41330858C00A4E8DA /* Release */,
			);
			defaultConfigurationIsVisible = 0;
			defaultConfigurationName = Release;
		};
		54E513F51330858C00A4E8DA /* Build configuration list for PBXNativeTarget "BlackoutTests" */ = {
			isa = XCConfigurationList;
			buildConfigurations = (
				54E513F61330858C00A4E8DA /* Debug */,
				54E513F71330858C00A4E8DA /* Release */,
			);
			defaultConfigurationIsVisible = 0;
			defaultConfigurationName = Release;
		};
/* End XCConfigurationList section */
	};
	rootObject = 54E513B21330858B00A4E8DA /* Project object */;
}
